
Microsoft Visual Studio Solution File, Format Version 12.00
# Visual Studio 15
VisualStudioVersion = 15.0.27130.2027
MinimumVisualStudioVersion = 10.0.40219.1
Project("{FAE04EC0-301F-11D3-BF4B-00C04F79EFBC}") = "ContreValo.Tests", "ContreValo.Tests\ContreValo.Tests.csproj", "{4003264B-6B13-422C-B0AB-03E5FF78DFE0}"
EndProject
Project("{FAE04EC0-301F-11D3-BF4B-00C04F79EFBC}") = "ContreValo", "ContreValo\ContreValo.csproj", "{C9814EB2-6D34-48E9-95F1-1F893C85D699}"
EndProject
Global
	GlobalSection(SolutionConfigurationPlatforms) = preSolution
		Debug|Any CPU = Debug|Any CPU
		Release|Any CPU = Release|Any CPU
	EndGlobalSection
	GlobalSection(ProjectConfigurationPlatforms) = postSolution
		{4003264B-6B13-422C-B0AB-03E5FF78DFE0}.Debug|Any CPU.ActiveCfg = Debug|Any CPU
		{4003264B-6B13-422C-B0AB-03E5FF78DFE0}.Debug|Any CPU.Build.0 = Debug|Any CPU
		{4003264B-6B13-422C-B0AB-03E5FF78DFE0}.Release|Any CPU.ActiveCfg = Release|Any CPU
		{4003264B-6B13-422C-B0AB-03E5FF78DFE0}.Release|Any CPU.Build.0 = Release|Any CPU
		{C9814EB2-6D34-48E9-95F1-1F893C85D699}.Debug|Any CPU.ActiveCfg = Debug|Any CPU
		{C9814EB2-6D34-48E9-95F1-1F893C85D699}.Debug|Any CPU.Build.0 = Debug|Any CPU
		{C9814EB2-6D34-48E9-95F1-1F893C85D699}.Release|Any CPU.ActiveCfg = Release|Any CPU
		{C9814EB2-6D34-48E9-95F1-1F893C85D699}.Release|Any CPU.Build.0 = Release|Any CPU
	EndGlobalSection
	GlobalSection(SolutionProperties) = preSolution
		HideSolutionNode = FALSE
	EndGlobalSection
	GlobalSection(ExtensibilityGlobals) = postSolution
		SolutionGuid = {F91B5407-0716-4ADE-8A33-F0A8A1ADE0E1}
	EndGlobalSection
EndGlobal
